
Microsoft Visual Studio Solution File, Format Version 12.00
# Visual Studio 15
VisualStudioVersion = 15.0.28307.438
MinimumVisualStudioVersion = 10.0.40219.1
Project("{2150E333-8FDC-42A3-9474-1A3956D46DE8}") = "1-Recursion_And_Division", "1-Recursion_And_Division", "{6C5C1BCF-0DA2-40DB-BFCF-B55540EF89AE}"
EndProject
Project("{8BC9CEB8-8B4A-11D0-8D11-00A0C91BC942}") = "2-QuickSort2", "1-Recursion_And_Division\2-QuickSort2\2-QuickSort2.vcxproj", "{BF629C11-D499-47FD-A948-1D469800CD22}"
EndProject
Project("{8BC9CEB8-8B4A-11D0-8D11-00A0C91BC942}") = "1-MergeSort1", "1-Recursion_And_Division\1-MergeSort1\1-MergeSort1.vcxproj", "{F0F2C8D9-0F73-4B81-A8A1-A03E4661290E}"
EndProject
Project("{8BC9CEB8-8B4A-11D0-8D11-00A0C91BC942}") = "2-QuickSort1", "1-Recursion_And_Division\2-QuickSort1\2-QuickSort1.vcxproj", "{2EA83489-732A-4250-98D2-CDA8081F21AC}"
EndProject
Project("{8BC9CEB8-8B4A-11D0-8D11-00A0C91BC942}") = "1-MergeSort2-Non-recursive", "1-Recursion_And_Division\1-MergeSort2-Non-recursive\1-MergeSort2-Non-recursive.vcxproj", "{5E0741ED-055F-4968-A871-B0776D420406}"
EndProject
Project("{8BC9CEB8-8B4A-11D0-8D11-00A0C91BC942}") = "3-线性时间选择", "1-Recursion_And_Division\3-线性时间选择\3-线性时间选择.vcxproj", "{F29FD07A-346C-44C7-8AA8-1BAF2EAF8667}"
EndProject
Project("{8BC9CEB8-8B4A-11D0-8D11-00A0C91BC942}") = "3-线性时间选择-一分为三", "1-Recursion_And_Division\3-线性时间选择-一分为三\3-线性时间选择-一分为三.vcxproj", "{A3D2C686-DBA8-4A18-81E0-01CCCA281430}"
EndProject
Project("{8BC9CEB8-8B4A-11D0-8D11-00A0C91BC942}") = "4-平面最近点对", "1-Recursion_And_Division\4-平面最近点对\4-平面最近点对.vcxproj", "{20FFD73E-851A-4DFB-9492-B57F9BF71846}"
EndProject
Project("{2150E333-8FDC-42A3-9474-1A3956D46DE8}") = "2-Dynamic_Programming", "2-Dynamic_Programming", "{7034C5C0-F5C6-433E-BD71-5CF41D09A147}"
EndProject
Project("{8BC9CEB8-8B4A-11D0-8D11-00A0C91BC942}") = "1-最长公共子序列", "2-Dynamic_Programming\1-最长公共子序列\1-最长公共子序列.vcxproj", "{DF4293EE-ADA2-41CB-8830-A7C0A7E2D4E1}"
EndProject
Project("{8BC9CEB8-8B4A-11D0-8D11-00A0C91BC942}") = "3-凸多边形最优三角剖分", "2-Dynamic_Programming\3-凸多边形最优三角剖分\3-凸多边形最优三角剖分.vcxproj", "{E81E25E2-F0E4-45E9-9868-9EE8B64C9549}"
EndProject
Project("{8BC9CEB8-8B4A-11D0-8D11-00A0C91BC942}") = "2-最大子段和", "2-Dynamic_Programming\2-最大子段和\2-最大子段和.vcxproj", "{F25BBF9B-A6E3-45D6-9075-45A9D044D084}"
EndProject
Project("{8BC9CEB8-8B4A-11D0-8D11-00A0C91BC942}") = "4-01背包", "2-Dynamic_Programming\4-01背包\4-01背包.vcxproj", "{D20003D5-5B8F-49A2-9189-5FCBA50BB726}"
EndProject
Project("{8BC9CEB8-8B4A-11D0-8D11-00A0C91BC942}") = "3-2凸多边形次优三角剖分", "2-Dynamic_Programming\3-2凸多边形次优三角剖分\3-2凸多边形次优三角剖分.vcxproj", "{AD5E4779-4168-4D5B-8D24-3EA3786AA874}"
EndProject
Project("{2150E333-8FDC-42A3-9474-1A3956D46DE8}") = "3-Greedy", "3-Greedy", "{4CDCC82F-346E-4458-BBF5-4B6EF89F737C}"
EndProject
Project("{8BC9CEB8-8B4A-11D0-8D11-00A0C91BC942}") = "3-Dijkstra单源最短路径", "3-Greedy\3-Dijkstra单源最短路径\3-Dijkstra单源最短路径.vcxproj", "{95A88920-0CFF-412D-A521-84DE8121ABCB}"
EndProject
Global
	GlobalSection(SolutionConfigurationPlatforms) = preSolution
		Debug|x64 = Debug|x64
		Debug|x86 = Debug|x86
		Release|x64 = Release|x64
		Release|x86 = Release|x86
	EndGlobalSection
	GlobalSection(ProjectConfigurationPlatforms) = postSolution
		{BF629C11-D499-47FD-A948-1D469800CD22}.Debug|x64.ActiveCfg = Debug|x64
		{BF629C11-D499-47FD-A948-1D469800CD22}.Debug|x64.Build.0 = Debug|x64
		{BF629C11-D499-47FD-A948-1D469800CD22}.Debug|x86.ActiveCfg = Debug|Win32
		{BF629C11-D499-47FD-A948-1D469800CD22}.Debug|x86.Build.0 = Debug|Win32
		{BF629C11-D499-47FD-A948-1D469800CD22}.Release|x64.ActiveCfg = Release|x64
		{BF629C11-D499-47FD-A948-1D469800CD22}.Release|x64.Build.0 = Release|x64
		{BF629C11-D499-47FD-A948-1D469800CD22}.Release|x86.ActiveCfg = Release|Win32
		{BF629C11-D499-47FD-A948-1D469800CD22}.Release|x86.Build.0 = Release|Win32
		{F0F2C8D9-0F73-4B81-A8A1-A03E4661290E}.Debug|x64.ActiveCfg = Debug|x64
		{F0F2C8D9-0F73-4B81-A8A1-A03E4661290E}.Debug|x64.Build.0 = Debug|x64
		{F0F2C8D9-0F73-4B81-A8A1-A03E4661290E}.Debug|x86.ActiveCfg = Debug|Win32
		{F0F2C8D9-0F73-4B81-A8A1-A03E4661290E}.Debug|x86.Build.0 = Debug|Win32
		{F0F2C8D9-0F73-4B81-A8A1-A03E4661290E}.Release|x64.ActiveCfg = Release|x64
		{F0F2C8D9-0F73-4B81-A8A1-A03E4661290E}.Release|x64.Build.0 = Release|x64
		{F0F2C8D9-0F73-4B81-A8A1-A03E4661290E}.Release|x86.ActiveCfg = Release|Win32
		{F0F2C8D9-0F73-4B81-A8A1-A03E4661290E}.Release|x86.Build.0 = Release|Win32
		{2EA83489-732A-4250-98D2-CDA8081F21AC}.Debug|x64.ActiveCfg = Debug|x64
		{2EA83489-732A-4250-98D2-CDA8081F21AC}.Debug|x64.Build.0 = Debug|x64
		{2EA83489-732A-4250-98D2-CDA8081F21AC}.Debug|x86.ActiveCfg = Debug|Win32
		{2EA83489-732A-4250-98D2-CDA8081F21AC}.Debug|x86.Build.0 = Debug|Win32
		{2EA83489-732A-4250-98D2-CDA8081F21AC}.Release|x64.ActiveCfg = Release|x64
		{2EA83489-732A-4250-98D2-CDA8081F21AC}.Release|x64.Build.0 = Release|x64
		{2EA83489-732A-4250-98D2-CDA8081F21AC}.Release|x86.ActiveCfg = Release|Win32
		{2EA83489-732A-4250-98D2-CDA8081F21AC}.Release|x86.Build.0 = Release|Win32
		{5E0741ED-055F-4968-A871-B0776D420406}.Debug|x64.ActiveCfg = Debug|x64
		{5E0741ED-055F-4968-A871-B0776D420406}.Debug|x64.Build.0 = Debug|x64
		{5E0741ED-055F-4968-A871-B0776D420406}.Debug|x86.ActiveCfg = Debug|Win32
		{5E0741ED-055F-4968-A871-B0776D420406}.Debug|x86.Build.0 = Debug|Win32
		{5E0741ED-055F-4968-A871-B0776D420406}.Release|x64.ActiveCfg = Release|x64
		{5E0741ED-055F-4968-A871-B0776D420406}.Release|x64.Build.0 = Release|x64
		{5E0741ED-055F-4968-A871-B0776D420406}.Release|x86.ActiveCfg = Release|Win32
		{5E0741ED-055F-4968-A871-B0776D420406}.Release|x86.Build.0 = Release|Win32
		{F29FD07A-346C-44C7-8AA8-1BAF2EAF8667}.Debug|x64.ActiveCfg = Debug|x64
		{F29FD07A-346C-44C7-8AA8-1BAF2EAF8667}.Debug|x64.Build.0 = Debug|x64
		{F29FD07A-346C-44C7-8AA8-1BAF2EAF8667}.Debug|x86.ActiveCfg = Debug|Win32
		{F29FD07A-346C-44C7-8AA8-1BAF2EAF8667}.Debug|x86.Build.0 = Debug|Win32
		{F29FD07A-346C-44C7-8AA8-1BAF2EAF8667}.Release|x64.ActiveCfg = Release|x64
		{F29FD07A-346C-44C7-8AA8-1BAF2EAF8667}.Release|x64.Build.0 = Release|x64
		{F29FD07A-346C-44C7-8AA8-1BAF2EAF8667}.Release|x86.ActiveCfg = Release|Win32
		{F29FD07A-346C-44C7-8AA8-1BAF2EAF8667}.Release|x86.Build.0 = Release|Win32
		{A3D2C686-DBA8-4A18-81E0-01CCCA281430}.Debug|x64.ActiveCfg = Debug|x64
		{A3D2C686-DBA8-4A18-81E0-01CCCA281430}.Debug|x64.Build.0 = Debug|x64
		{A3D2C686-DBA8-4A18-81E0-01CCCA281430}.Debug|x86.ActiveCfg = Debug|Win32
		{A3D2C686-DBA8-4A18-81E0-01CCCA281430}.Debug|x86.Build.0 = Debug|Win32
		{A3D2C686-DBA8-4A18-81E0-01CCCA281430}.Release|x64.ActiveCfg = Release|x64
		{A3D2C686-DBA8-4A18-81E0-01CCCA281430}.Release|x64.Build.0 = Release|x64
		{A3D2C686-DBA8-4A18-81E0-01CCCA281430}.Release|x86.ActiveCfg = Release|Win32
		{A3D2C686-DBA8-4A18-81E0-01CCCA281430}.Release|x86.Build.0 = Release|Win32
		{20FFD73E-851A-4DFB-9492-B57F9BF71846}.Debug|x64.ActiveCfg = Debug|x64
		{20FFD73E-851A-4DFB-9492-B57F9BF71846}.Debug|x64.Build.0 = Debug|x64
		{20FFD73E-851A-4DFB-9492-B57F9BF71846}.Debug|x86.ActiveCfg = Debug|Win32
		{20FFD73E-851A-4DFB-9492-B57F9BF71846}.Debug|x86.Build.0 = Debug|Win32
		{20FFD73E-851A-4DFB-9492-B57F9BF71846}.Release|x64.ActiveCfg = Release|x64
		{20FFD73E-851A-4DFB-9492-B57F9BF71846}.Release|x64.Build.0 = Release|x64
		{20FFD73E-851A-4DFB-9492-B57F9BF71846}.Release|x86.ActiveCfg = Release|Win32
		{20FFD73E-851A-4DFB-9492-B57F9BF71846}.Release|x86.Build.0 = Release|Win32
		{DF4293EE-ADA2-41CB-8830-A7C0A7E2D4E1}.Debug|x64.ActiveCfg = Debug|x64
		{DF4293EE-ADA2-41CB-8830-A7C0A7E2D4E1}.Debug|x64.Build.0 = Debug|x64
		{DF4293EE-ADA2-41CB-8830-A7C0A7E2D4E1}.Debug|x86.ActiveCfg = Debug|Win32
		{DF4293EE-ADA2-41CB-8830-A7C0A7E2D4E1}.Debug|x86.Build.0 = Debug|Win32
		{DF4293EE-ADA2-41CB-8830-A7C0A7E2D4E1}.Release|x64.ActiveCfg = Release|x64
		{DF4293EE-ADA2-41CB-8830-A7C0A7E2D4E1}.Release|x64.Build.0 = Release|x64
		{DF4293EE-ADA2-41CB-8830-A7C0A7E2D4E1}.Release|x86.ActiveCfg = Release|Win32
		{DF4293EE-ADA2-41CB-8830-A7C0A7E2D4E1}.Release|x86.Build.0 = Release|Win32
		{E81E25E2-F0E4-45E9-9868-9EE8B64C9549}.Debug|x64.ActiveCfg = Debug|x64
		{E81E25E2-F0E4-45E9-9868-9EE8B64C9549}.Debug|x64.Build.0 = Debug|x64
		{E81E25E2-F0E4-45E9-9868-9EE8B64C9549}.Debug|x86.ActiveCfg = Debug|Win32
		{E81E25E2-F0E4-45E9-9868-9EE8B64C9549}.Debug|x86.Build.0 = Debug|Win32
		{E81E25E2-F0E4-45E9-9868-9EE8B64C9549}.Release|x64.ActiveCfg = Release|x64
		{E81E25E2-F0E4-45E9-9868-9EE8B64C9549}.Release|x64.Build.0 = Release|x64
		{E81E25E2-F0E4-45E9-9868-9EE8B64C9549}.Release|x86.ActiveCfg = Release|Win32
		{E81E25E2-F0E4-45E9-9868-9EE8B64C9549}.Release|x86.Build.0 = Release|Win32
		{F25BBF9B-A6E3-45D6-9075-45A9D044D084}.Debug|x64.ActiveCfg = Debug|x64
		{F25BBF9B-A6E3-45D6-9075-45A9D044D084}.Debug|x64.Build.0 = Debug|x64
		{F25BBF9B-A6E3-45D6-9075-45A9D044D084}.Debug|x86.ActiveCfg = Debug|Win32
		{F25BBF9B-A6E3-45D6-9075-45A9D044D084}.Debug|x86.Build.0 = Debug|Win32
		{F25BBF9B-A6E3-45D6-9075-45A9D044D084}.Release|x64.ActiveCfg = Release|x64
		{F25BBF9B-A6E3-45D6-9075-45A9D044D084}.Release|x64.Build.0 = Release|x64
		{F25BBF9B-A6E3-45D6-9075-45A9D044D084}.Release|x86.ActiveCfg = Release|Win32
		{F25BBF9B-A6E3-45D6-9075-45A9D044D084}.Release|x86.Build.0 = Release|Win32
		{D20003D5-5B8F-49A2-9189-5FCBA50BB726}.Debug|x64.ActiveCfg = Debug|x64
		{D20003D5-5B8F-49A2-9189-5FCBA50BB726}.Debug|x64.Build.0 = Debug|x64
		{D20003D5-5B8F-49A2-9189-5FCBA50BB726}.Debug|x86.ActiveCfg = Debug|Win32
		{D20003D5-5B8F-49A2-9189-5FCBA50BB726}.Debug|x86.Build.0 = Debug|Win32
		{D20003D5-5B8F-49A2-9189-5FCBA50BB726}.Release|x64.ActiveCfg = Release|x64
		{D20003D5-5B8F-49A2-9189-5FCBA50BB726}.Release|x64.Build.0 = Release|x64
		{D20003D5-5B8F-49A2-9189-5FCBA50BB726}.Release|x86.ActiveCfg = Release|Win32
		{D20003D5-5B8F-49A2-9189-5FCBA50BB726}.Release|x86.Build.0 = Release|Win32
		{AD5E4779-4168-4D5B-8D24-3EA3786AA874}.Debug|x64.ActiveCfg = Debug|x64
		{AD5E4779-4168-4D5B-8D24-3EA3786AA874}.Debug|x64.Build.0 = Debug|x64
		{AD5E4779-4168-4D5B-8D24-3EA3786AA874}.Debug|x86.ActiveCfg = Debug|Win32
		{AD5E4779-4168-4D5B-8D24-3EA3786AA874}.Debug|x86.Build.0 = Debug|Win32
		{AD5E4779-4168-4D5B-8D24-3EA3786AA874}.Release|x64.ActiveCfg = Release|x64
		{AD5E4779-4168-4D5B-8D24-3EA3786AA874}.Release|x64.Build.0 = Release|x64
		{AD5E4779-4168-4D5B-8D24-3EA3786AA874}.Release|x86.ActiveCfg = Release|Win32
		{AD5E4779-4168-4D5B-8D24-3EA3786AA874}.Release|x86.Build.0 = Release|Win32
		{95A88920-0CFF-412D-A521-84DE8121ABCB}.Debug|x64.ActiveCfg = Debug|x64
		{95A88920-0CFF-412D-A521-84DE8121ABCB}.Debug|x64.Build.0 = Debug|x64
		{95A88920-0CFF-412D-A521-84DE8121ABCB}.Debug|x86.ActiveCfg = Debug|Win32
		{95A88920-0CFF-412D-A521-84DE8121ABCB}.Debug|x86.Build.0 = Debug|Win32
		{95A88920-0CFF-412D-A521-84DE8121ABCB}.Release|x64.ActiveCfg = Release|x64
		{95A88920-0CFF-412D-A521-84DE8121ABCB}.Release|x64.Build.0 = Release|x64
		{95A88920-0CFF-412D-A521-84DE8121ABCB}.Release|x86.ActiveCfg = Release|Win32
		{95A88920-0CFF-412D-A521-84DE8121ABCB}.Release|x86.Build.0 = Release|Win32
	EndGlobalSection
	GlobalSection(SolutionProperties) = preSolution
		HideSolutionNode = FALSE
	EndGlobalSection
	GlobalSection(NestedProjects) = preSolution
		{BF629C11-D499-47FD-A948-1D469800CD22} = {6C5C1BCF-0DA2-40DB-BFCF-B55540EF89AE}
		{F0F2C8D9-0F73-4B81-A8A1-A03E4661290E} = {6C5C1BCF-0DA2-40DB-BFCF-B55540EF89AE}
		{2EA83489-732A-4250-98D2-CDA8081F21AC} = {6C5C1BCF-0DA2-40DB-BFCF-B55540EF89AE}
		{5E0741ED-055F-4968-A871-B0776D420406} = {6C5C1BCF-0DA2-40DB-BFCF-B55540EF89AE}
		{F29FD07A-346C-44C7-8AA8-1BAF2EAF8667} = {6C5C1BCF-0DA2-40DB-BFCF-B55540EF89AE}
		{A3D2C686-DBA8-4A18-81E0-01CCCA281430} = {6C5C1BCF-0DA2-40DB-BFCF-B55540EF89AE}
		{20FFD73E-851A-4DFB-9492-B57F9BF71846} = {6C5C1BCF-0DA2-40DB-BFCF-B55540EF89AE}
		{DF4293EE-ADA2-41CB-8830-A7C0A7E2D4E1} = {7034C5C0-F5C6-433E-BD71-5CF41D09A147}
		{E81E25E2-F0E4-45E9-9868-9EE8B64C9549} = {7034C5C0-F5C6-433E-BD71-5CF41D09A147}
		{F25BBF9B-A6E3-45D6-9075-45A9D044D084} = {7034C5C0-F5C6-433E-BD71-5CF41D09A147}
		{D20003D5-5B8F-49A2-9189-5FCBA50BB726} = {7034C5C0-F5C6-433E-BD71-5CF41D09A147}
		{AD5E4779-4168-4D5B-8D24-3EA3786AA874} = {7034C5C0-F5C6-433E-BD71-5CF41D09A147}
		{95A88920-0CFF-412D-A521-84DE8121ABCB} = {4CDCC82F-346E-4458-BBF5-4B6EF89F737C}
	EndGlobalSection
	GlobalSection(ExtensibilityGlobals) = postSolution
		SolutionGuid = {6528FF94-6BBC-403E-9926-AEB8682A9ECF}
	EndGlobalSection
EndGlobal
